
Microsoft Visual Studio Solution File, Format Version 12.00
# Visual Studio Version 16
VisualStudioVersion = 16.0.31410.357
MinimumVisualStudioVersion = 10.0.40219.1
Project("{FAE04EC0-301F-11D3-BF4B-00C04F79EFBC}") = "AppCadastroSeries", "AppCadastroSeries\AppCadastroSeries.csproj", "{36F1A920-E743-47ED-9D76-59690FAD873E}"
EndProject
Global
	GlobalSection(SolutionConfigurationPlatforms) = preSolution
		Debug|Any CPU = Debug|Any CPU
		Release|Any CPU = Release|Any CPU
	EndGlobalSection
	GlobalSection(ProjectConfigurationPlatforms) = postSolution
		{36F1A920-E743-47ED-9D76-59690FAD873E}.Debug|Any CPU.ActiveCfg = Debug|Any CPU
		{36F1A920-E743-47ED-9D76-59690FAD873E}.Debug|Any CPU.Build.0 = Debug|Any CPU
		{36F1A920-E743-47ED-9D76-59690FAD873E}.Release|Any CPU.ActiveCfg = Release|Any CPU
		{36F1A920-E743-47ED-9D76-59690FAD873E}.Release|Any CPU.Build.0 = Release|Any CPU
	EndGlobalSection
	GlobalSection(SolutionProperties) = preSolution
		HideSolutionNode = FALSE
	EndGlobalSection
	GlobalSection(ExtensibilityGlobals) = postSolution
		SolutionGuid = {F03DDCD0-8EA2-434B-BF25-DC70E89145EC}
	EndGlobalSection
EndGlobal
